
Microsoft Visual Studio Solution File, Format Version 12.00
# Visual Studio Version 16
VisualStudioVersion = 16.0.29411.108
MinimumVisualStudioVersion = 10.0.40219.1
Project("{FAE04EC0-301F-11D3-BF4B-00C04F79EFBC}") = "QPlanApp.Android", "QPlanApp.Android\QPlanApp.Android.csproj", "{E0134425-C787-4B7D-B857-F53831883454}"
EndProject
Project("{FAE04EC0-301F-11D3-BF4B-00C04F79EFBC}") = "QPlanApp.iOS", "QPlanApp.iOS\QPlanApp.iOS.csproj", "{F8C3CBB7-E6E9-4572-83E9-B6B9CDAD6402}"
EndProject
Project("{FAE04EC0-301F-11D3-BF4B-00C04F79EFBC}") = "QPlanApp", "QPlanApp\QPlanApp.csproj", "{DFEFCB5A-2383-4EFE-A86F-73F7C8C7C470}"
EndProject
Global
	GlobalSection(SolutionConfigurationPlatforms) = preSolution
		Debug|Any CPU = Debug|Any CPU
		Debug|iPhone = Debug|iPhone
		Debug|iPhoneSimulator = Debug|iPhoneSimulator
		Release|Any CPU = Release|Any CPU
		Release|iPhone = Release|iPhone
		Release|iPhoneSimulator = Release|iPhoneSimulator
	EndGlobalSection
	GlobalSection(ProjectConfigurationPlatforms) = postSolution
		{E0134425-C787-4B7D-B857-F53831883454}.Debug|Any CPU.ActiveCfg = Debug|Any CPU
		{E0134425-C787-4B7D-B857-F53831883454}.Debug|Any CPU.Build.0 = Debug|Any CPU
		{E0134425-C787-4B7D-B857-F53831883454}.Debug|Any CPU.Deploy.0 = Debug|Any CPU
		{E0134425-C787-4B7D-B857-F53831883454}.Debug|iPhone.ActiveCfg = Debug|Any CPU
		{E0134425-C787-4B7D-B857-F53831883454}.Debug|iPhone.Build.0 = Debug|Any CPU
		{E0134425-C787-4B7D-B857-F53831883454}.Debug|iPhone.Deploy.0 = Debug|Any CPU
		{E0134425-C787-4B7D-B857-F53831883454}.Debug|iPhoneSimulator.ActiveCfg = Debug|Any CPU
		{E0134425-C787-4B7D-B857-F53831883454}.Debug|iPhoneSimulator.Build.0 = Debug|Any CPU
		{E0134425-C787-4B7D-B857-F53831883454}.Debug|iPhoneSimulator.Deploy.0 = Debug|Any CPU
		{E0134425-C787-4B7D-B857-F53831883454}.Release|Any CPU.ActiveCfg = Release|Any CPU
		{E0134425-C787-4B7D-B857-F53831883454}.Release|Any CPU.Build.0 = Release|Any CPU
		{E0134425-C787-4B7D-B857-F53831883454}.Release|Any CPU.Deploy.0 = Release|Any CPU
		{E0134425-C787-4B7D-B857-F53831883454}.Release|iPhone.ActiveCfg = Release|Any CPU
		{E0134425-C787-4B7D-B857-F53831883454}.Release|iPhone.Build.0 = Release|Any CPU
		{E0134425-C787-4B7D-B857-F53831883454}.Release|iPhone.Deploy.0 = Release|Any CPU
		{E0134425-C787-4B7D-B857-F53831883454}.Release|iPhoneSimulator.ActiveCfg = Release|Any CPU
		{E0134425-C787-4B7D-B857-F53831883454}.Release|iPhoneSimulator.Build.0 = Release|Any CPU
		{E0134425-C787-4B7D-B857-F53831883454}.Release|iPhoneSimulator.Deploy.0 = Release|Any CPU
		{F8C3CBB7-E6E9-4572-83E9-B6B9CDAD6402}.Debug|Any CPU.ActiveCfg = Debug|iPhoneSimulator
		{F8C3CBB7-E6E9-4572-83E9-B6B9CDAD6402}.Debug|Any CPU.Build.0 = Debug|iPhoneSimulator
		{F8C3CBB7-E6E9-4572-83E9-B6B9CDAD6402}.Debug|Any CPU.Deploy.0 = Debug|iPhoneSimulator
		{F8C3CBB7-E6E9-4572-83E9-B6B9CDAD6402}.Debug|iPhone.ActiveCfg = Debug|iPhone
		{F8C3CBB7-E6E9-4572-83E9-B6B9CDAD6402}.Debug|iPhone.Build.0 = Debug|iPhone
		{F8C3CBB7-E6E9-4572-83E9-B6B9CDAD6402}.Debug|iPhone.Deploy.0 = Debug|iPhone
		{F8C3CBB7-E6E9-4572-83E9-B6B9CDAD6402}.Debug|iPhoneSimulator.ActiveCfg = Debug|iPhoneSimulator
		{F8C3CBB7-E6E9-4572-83E9-B6B9CDAD6402}.Debug|iPhoneSimulator.Build.0 = Debug|iPhoneSimulator
		{F8C3CBB7-E6E9-4572-83E9-B6B9CDAD6402}.Debug|iPhoneSimulator.Deploy.0 = Debug|iPhoneSimulator
		{F8C3CBB7-E6E9-4572-83E9-B6B9CDAD6402}.Release|Any CPU.ActiveCfg = Release|iPhone
		{F8C3CBB7-E6E9-4572-83E9-B6B9CDAD6402}.Release|Any CPU.Build.0 = Release|iPhone
		{F8C3CBB7-E6E9-4572-83E9-B6B9CDAD6402}.Release|Any CPU.Deploy.0 = Release|iPhone
		{F8C3CBB7-E6E9-4572-83E9-B6B9CDAD6402}.Release|iPhone.ActiveCfg = Release|iPhone
		{F8C3CBB7-E6E9-4572-83E9-B6B9CDAD6402}.Release|iPhone.Build.0 = Release|iPhone
		{F8C3CBB7-E6E9-4572-83E9-B6B9CDAD6402}.Release|iPhone.Deploy.0 = Release|iPhone
		{F8C3CBB7-E6E9-4572-83E9-B6B9CDAD6402}.Release|iPhoneSimulator.ActiveCfg = Release|iPhoneSimulator
		{F8C3CBB7-E6E9-4572-83E9-B6B9CDAD6402}.Release|iPhoneSimulator.Build.0 = Release|iPhoneSimulator
		{F8C3CBB7-E6E9-4572-83E9-B6B9CDAD6402}.Release|iPhoneSimulator.Deploy.0 = Release|iPhoneSimulator
		{DFEFCB5A-2383-4EFE-A86F-73F7C8C7C470}.Debug|Any CPU.ActiveCfg = Debug|Any CPU
		{DFEFCB5A-2383-4EFE-A86F-73F7C8C7C470}.Debug|Any CPU.Build.0 = Debug|Any CPU
		{DFEFCB5A-2383-4EFE-A86F-73F7C8C7C470}.Debug|Any CPU.Deploy.0 = Debug|Any CPU
		{DFEFCB5A-2383-4EFE-A86F-73F7C8C7C470}.Debug|iPhone.ActiveCfg = Debug|Any CPU
		{DFEFCB5A-2383-4EFE-A86F-73F7C8C7C470}.Debug|iPhone.Build.0 = Debug|Any CPU
		{DFEFCB5A-2383-4EFE-A86F-73F7C8C7C470}.Debug|iPhone.Deploy.0 = Debug|Any CPU
		{DFEFCB5A-2383-4EFE-A86F-73F7C8C7C470}.Debug|iPhoneSimulator.ActiveCfg = Debug|Any CPU
		{DFEFCB5A-2383-4EFE-A86F-73F7C8C7C470}.Debug|iPhoneSimulator.Build.0 = Debug|Any CPU
		{DFEFCB5A-2383-4EFE-A86F-73F7C8C7C470}.Debug|iPhoneSimulator.Deploy.0 = Debug|Any CPU
		{DFEFCB5A-2383-4EFE-A86F-73F7C8C7C470}.Release|Any CPU.ActiveCfg = Release|Any CPU
		{DFEFCB5A-2383-4EFE-A86F-73F7C8C7C470}.Release|Any CPU.Build.0 = Release|Any CPU
		{DFEFCB5A-2383-4EFE-A86F-73F7C8C7C470}.Release|Any CPU.Deploy.0 = Release|Any CPU
		{DFEFCB5A-2383-4EFE-A86F-73F7C8C7C470}.Release|iPhone.ActiveCfg = Release|Any CPU
		{DFEFCB5A-2383-4EFE-A86F-73F7C8C7C470}.Release|iPhone.Build.0 = Release|Any CPU
		{DFEFCB5A-2383-4EFE-A86F-73F7C8C7C470}.Release|iPhone.Deploy.0 = Release|Any CPU
		{DFEFCB5A-2383-4EFE-A86F-73F7C8C7C470}.Release|iPhoneSimulator.ActiveCfg = Release|Any CPU
		{DFEFCB5A-2383-4EFE-A86F-73F7C8C7C470}.Release|iPhoneSimulator.Build.0 = Release|Any CPU
		{DFEFCB5A-2383-4EFE-A86F-73F7C8C7C470}.Release|iPhoneSimulator.Deploy.0 = Release|Any CPU
	EndGlobalSection
	GlobalSection(SolutionProperties) = preSolution
		HideSolutionNode = FALSE
	EndGlobalSection
	GlobalSection(ExtensibilityGlobals) = postSolution
		SolutionGuid = {A24C5C2F-D8D1-46F0-AE0D-DC5C24AE1946}
	EndGlobalSection
EndGlobal
